
Microsoft Visual Studio Solution File, Format Version 12.00
# Visual Studio Version 17
VisualStudioVersion = 17.4.33205.214
MinimumVisualStudioVersion = 10.0.40219.1
Project("{FAE04EC0-301F-11D3-BF4B-00C04F79EFBC}") = "Integrador", "Integrador\Integrador.csproj", "{6460992F-49FF-4821-BE1D-65F70B359931}"
EndProject
Global
	GlobalSection(SolutionConfigurationPlatforms) = preSolution
		Debug|Any CPU = Debug|Any CPU
		Release|Any CPU = Release|Any CPU
	EndGlobalSection
	GlobalSection(ProjectConfigurationPlatforms) = postSolution
		{6460992F-49FF-4821-BE1D-65F70B359931}.Debug|Any CPU.ActiveCfg = Debug|Any CPU
		{6460992F-49FF-4821-BE1D-65F70B359931}.Debug|Any CPU.Build.0 = Debug|Any CPU
		{6460992F-49FF-4821-BE1D-65F70B359931}.Release|Any CPU.ActiveCfg = Release|Any CPU
		{6460992F-49FF-4821-BE1D-65F70B359931}.Release|Any CPU.Build.0 = Release|Any CPU
	EndGlobalSection
	GlobalSection(SolutionProperties) = preSolution
		HideSolutionNode = FALSE
	EndGlobalSection
	GlobalSection(ExtensibilityGlobals) = postSolution
		SolutionGuid = {91B238D0-DEEC-4D1E-B99F-BFAFFCBA2D24}
	EndGlobalSection
EndGlobal
